// !$*UTF8*$!
{
	archiveVersion = 1;
	classes = {
	};
	objectVersion = 56;
	objects = {

/* Begin PBXBuildFile section */
		627D0D75A5F1A8AB1DFCEEAB /* Pods_75Hrd_Trainer.framework in Frameworks */ = {isa = PBXBuildFile; fileRef = 5A8C9280CD2020C18425BF87 /* Pods_75Hrd_Trainer.framework */; };
		91A2B0792AC1A6BA00268B23 /* _5Hrd_TrainerApp.swift in Sources */ = {isa = PBXBuildFile; fileRef = 91A2B0782AC1A6BA00268B23 /* _5Hrd_TrainerApp.swift */; };
		91A2B07B2AC1A6BA00268B23 /* ContentView.swift in Sources */ = {isa = PBXBuildFile; fileRef = 91A2B07A2AC1A6BA00268B23 /* ContentView.swift */; };
		91A2B07D2AC1A6BC00268B23 /* Assets.xcassets in Resources */ = {isa = PBXBuildFile; fileRef = 91A2B07C2AC1A6BC00268B23 /* Assets.xcassets */; };
		91A2B0802AC1A6BC00268B23 /* Preview Assets.xcassets in Resources */ = {isa = PBXBuildFile; fileRef = 91A2B07F2AC1A6BC00268B23 /* Preview Assets.xcassets */; };
/* End PBXBuildFile section */

/* Begin PBXFileReference section */
		0668DA7EB57CD3D1A73202B5 /* Pods-75Hrd Trainer.release.xcconfig */ = {isa = PBXFileReference; includeInIndex = 1; lastKnownFileType = text.xcconfig; name = "Pods-75Hrd Trainer.release.xcconfig"; path = "Target Support Files/Pods-75Hrd Trainer/Pods-75Hrd Trainer.release.xcconfig"; sourceTree = "<group>"; };
		4F5CC94F321DC8AD59759488 /* Pods-75Hrd Trainer.debug.xcconfig */ = {isa = PBXFileReference; includeInIndex = 1; lastKnownFileType = text.xcconfig; name = "Pods-75Hrd Trainer.debug.xcconfig"; path = "Target Support Files/Pods-75Hrd Trainer/Pods-75Hrd Trainer.debug.xcconfig"; sourceTree = "<group>"; };
		5A8C9280CD2020C18425BF87 /* Pods_75Hrd_Trainer.framework */ = {isa = PBXFileReference; explicitFileType = wrapper.framework; includeInIndex = 0; path = Pods_75Hrd_Trainer.framework; sourceTree = BUILT_PRODUCTS_DIR; };
		91A2B0752AC1A6BA00268B23 /* 75Hrd Trainer.app */ = {isa = PBXFileReference; explicitFileType = wrapper.application; includeInIndex = 0; path = "75Hrd Trainer.app"; sourceTree = BUILT_PRODUCTS_DIR; };
		91A2B0782AC1A6BA00268B23 /* _5Hrd_TrainerApp.swift */ = {isa = PBXFileReference; lastKnownFileType = sourcecode.swift; path = _5Hrd_TrainerApp.swift; sourceTree = "<group>"; };
		91A2B07A2AC1A6BA00268B23 /* ContentView.swift */ = {isa = PBXFileReference; lastKnownFileType = sourcecode.swift; path = ContentView.swift; sourceTree = "<group>"; };
		91A2B07C2AC1A6BC00268B23 /* Assets.xcassets */ = {isa = PBXFileReference; lastKnownFileType = folder.assetcatalog; path = Assets.xcassets; sourceTree = "<group>"; };
		91A2B07F2AC1A6BC00268B23 /* Preview Assets.xcassets */ = {isa = PBXFileReference; lastKnownFileType = folder.assetcatalog; path = "Preview Assets.xcassets"; sourceTree = "<group>"; };
		91A2B08B2AC1B62B00268B23 /* -5Hrd-Trainer-Info.plist */ = {isa = PBXFileReference; lastKnownFileType = text.plist; path = "-5Hrd-Trainer-Info.plist"; sourceTree = SOURCE_ROOT; };
/* End PBXFileReference section */

/* Begin PBXFrameworksBuildPhase section */
		91A2B0722AC1A6BA00268B23 /* Frameworks */ = {
			isa = PBXFrameworksBuildPhase;
			buildActionMask = 2147483647;
			files = (
				627D0D75A5F1A8AB1DFCEEAB /* Pods_75Hrd_Trainer.framework in Frameworks */,
			);
			runOnlyForDeploymentPostprocessing = 0;
		};
/* End PBXFrameworksBuildPhase section */

/* Begin PBXGroup section */
		197987D5E55B46EC5715B30F /* Frameworks */ = {
			isa = PBXGroup;
			children = (
				5A8C9280CD2020C18425BF87 /* Pods_75Hrd_Trainer.framework */,
			);
			name = Frameworks;
			sourceTree = "<group>";
		};
		91A2B06C2AC1A6BA00268B23 = {
			isa = PBXGroup;
			children = (
				91A2B0772AC1A6BA00268B23 /* 75Hrd Trainer */,
				91A2B0762AC1A6BA00268B23 /* Products */,
				D75D47869A2F5C37B27ADA0E /* Pods */,
				197987D5E55B46EC5715B30F /* Frameworks */,
			);
			sourceTree = "<group>";
		};
		91A2B0762AC1A6BA00268B23 /* Products */ = {
			isa = PBXGroup;
			children = (
				91A2B0752AC1A6BA00268B23 /* 75Hrd Trainer.app */,
			);
			name = Products;
			sourceTree = "<group>";
		};
		91A2B0772AC1A6BA00268B23 /* 75Hrd Trainer */ = {
			isa = PBXGroup;
			children = (
				91A2B08B2AC1B62B00268B23 /* -5Hrd-Trainer-Info.plist */,
				91A2B0782AC1A6BA00268B23 /* _5Hrd_TrainerApp.swift */,
				91A2B07A2AC1A6BA00268B23 /* ContentView.swift */,
				91A2B07C2AC1A6BC00268B23 /* Assets.xcassets */,
				91A2B07E2AC1A6BC00268B23 /* Preview Content */,
			);
			path = "75Hrd Trainer";
			sourceTree = "<group>";
		};
		91A2B07E2AC1A6BC00268B23 /* Preview Content */ = {
			isa = PBXGroup;
			children = (
				91A2B07F2AC1A6BC00268B23 /* Preview Assets.xcassets */,
			);
			path = "Preview Content";
			sourceTree = "<group>";
		};
		D75D47869A2F5C37B27ADA0E /* Pods */ = {
			isa = PBXGroup;
			children = (
				4F5CC94F321DC8AD59759488 /* Pods-75Hrd Trainer.debug.xcconfig */,
				0668DA7EB57CD3D1A73202B5 /* Pods-75Hrd Trainer.release.xcconfig */,
			);
			name = Pods;
			path = Pods;
			sourceTree = "<group>";
		};
/* End PBXGroup section */

/* Begin PBXNativeTarget section */
		91A2B0742AC1A6BA00268B23 /* 75Hrd Trainer */ = {
			isa = PBXNativeTarget;
			buildConfigurationList = 91A2B0832AC1A6BC00268B23 /* Build configuration list for PBXNativeTarget "75Hrd Trainer" */;
			buildPhases = (
				5C52F389DB2DF6DD09759B80 /* [CP] Check Pods Manifest.lock */,
				91A2B0712AC1A6BA00268B23 /* Sources */,
				91A2B0722AC1A6BA00268B23 /* Frameworks */,
				91A2B0732AC1A6BA00268B23 /* Resources */,
				2DF26D6286AD0F39B6431C06 /* [CP] Embed Pods Frameworks */,
			);
			buildRules = (
			);
			dependencies = (
			);
			name = "75Hrd Trainer";
			productName = "75Hrd Trainer";
			productReference = 91A2B0752AC1A6BA00268B23 /* 75Hrd Trainer.app */;
			productType = "com.apple.product-type.application";
		};
/* End PBXNativeTarget section */

/* Begin PBXProject section */
		91A2B06D2AC1A6BA00268B23 /* Project object */ = {
			isa = PBXProject;
			attributes = {
				BuildIndependentTargetsInParallel = 1;
				LastSwiftUpdateCheck = 1430;
				LastUpgradeCheck = 1430;
				TargetAttributes = {
					91A2B0742AC1A6BA00268B23 = {
						CreatedOnToolsVersion = 14.3.1;
					};
				};
			};
			buildConfigurationList = 91A2B0702AC1A6BA00268B23 /* Build configuration list for PBXProject "75Hrd Trainer" */;
			compatibilityVersion = "Xcode 14.0";
			developmentRegion = en;
			hasScannedForEncodings = 0;
			knownRegions = (
				en,
				Base,
			);
			mainGroup = 91A2B06C2AC1A6BA00268B23;
			productRefGroup = 91A2B0762AC1A6BA00268B23 /* Products */;
			projectDirPath = "";
			projectRoot = "";
			targets = (
				91A2B0742AC1A6BA00268B23 /* 75Hrd Trainer */,
			);
		};
/* End PBXProject section */

/* Begin PBXResourcesBuildPhase section */
		91A2B0732AC1A6BA00268B23 /* Resources */ = {
			isa = PBXResourcesBuildPhase;
			buildActionMask = 2147483647;
			files = (
				91A2B0802AC1A6BC00268B23 /* Preview Assets.xcassets in Resources */,
				91A2B07D2AC1A6BC00268B23 /* Assets.xcassets in Resources */,
			);
			runOnlyForDeploymentPostprocessing = 0;
		};
/* End PBXResourcesBuildPhase section */

/* Begin PBXShellScriptBuildPhase section */
		2DF26D6286AD0F39B6431C06 /* [CP] Embed Pods Frameworks */ = {
			isa = PBXShellScriptBuildPhase;
			buildActionMask = 2147483647;
			files = (
			);
			inputFileListPaths = (
				"${PODS_ROOT}/Target Support Files/Pods-75Hrd Trainer/Pods-75Hrd Trainer-frameworks-${CONFIGURATION}-input-files.xcfilelist",
			);
			name = "[CP] Embed Pods Frameworks";
			outputFileListPaths = (
				"${PODS_ROOT}/Target Support Files/Pods-75Hrd Trainer/Pods-75Hrd Trainer-frameworks-${CONFIGURATION}-output-files.xcfilelist",
			);
			runOnlyForDeploymentPostprocessing = 0;
			shellPath = /bin/sh;
			shellScript = "\"${PODS_ROOT}/Target Support Files/Pods-75Hrd Trainer/Pods-75Hrd Trainer-frameworks.sh\"\n";
			showEnvVarsInLog = 0;
		};
		5C52F389DB2DF6DD09759B80 /* [CP] Check Pods Manifest.lock */ = {
			isa = PBXShellScriptBuildPhase;
			buildActionMask = 2147483647;
			files = (
			);
			inputFileListPaths = (
			);
			inputPaths = (
				"${PODS_PODFILE_DIR_PATH}/Podfile.lock",
				"${PODS_ROOT}/Manifest.lock",
			);
			name = "[CP] Check Pods Manifest.lock";
			outputFileListPaths = (
			);
			outputPaths = (
				"$(DERIVED_FILE_DIR)/Pods-75Hrd Trainer-checkManifestLockResult.txt",
			);
			runOnlyForDeploymentPostprocessing = 0;
			shellPath = /bin/sh;
			shellScript = "diff \"${PODS_PODFILE_DIR_PATH}/Podfile.lock\" \"${PODS_ROOT}/Manifest.lock\" > /dev/null\nif [ $? != 0 ] ; then\n    # print error to STDERR\n    echo \"error: The sandbox is not in sync with the Podfile.lock. Run 'pod install' or update your CocoaPods installation.\" >&2\n    exit 1\nfi\n# This output is used by Xcode 'outputs' to avoid re-running this script phase.\necho \"SUCCESS\" > \"${SCRIPT_OUTPUT_FILE_0}\"\n";
			showEnvVarsInLog = 0;
		};
/* End PBXShellScriptBuildPhase section */

/* Begin PBXSourcesBuildPhase section */
		91A2B0712AC1A6BA00268B23 /* Sources */ = {
			isa = PBXSourcesBuildPhase;
			buildActionMask = 2147483647;
			files = (
				91A2B07B2AC1A6BA00268B23 /* ContentView.swift in Sources */,
				91A2B0792AC1A6BA00268B23 /* _5Hrd_TrainerApp.swift in Sources */,
			);
			runOnlyForDeploymentPostprocessing = 0;
		};
/* End PBXSourcesBuildPhase section */

/* Begin XCBuildConfiguration section */
		91A2B0812AC1A6BC00268B23 /* Debug */ = {
			isa = XCBuildConfiguration;
			buildSettings = {
				ALWAYS_SEARCH_USER_PATHS = NO;
				CLANG_ANALYZER_NONNULL = YES;
				CLANG_ANALYZER_NUMBER_OBJECT_CONVERSION = YES_AGGRESSIVE;
				CLANG_CXX_LANGUAGE_STANDARD = "gnu++20";
				CLANG_ENABLE_MODULES = YES;
				CLANG_ENABLE_OBJC_ARC = YES;
				CLANG_ENABLE_OBJC_WEAK = YES;
				CLANG_WARN_BLOCK_CAPTURE_AUTORELEASING = YES;
				CLANG_WARN_BOOL_CONVERSION = YES;
				CLANG_WARN_COMMA = YES;
				CLANG_WARN_CONSTANT_CONVERSION = YES;
				CLANG_WARN_DEPRECATED_OBJC_IMPLEMENTATIONS = YES;
				CLANG_WARN_DIRECT_OBJC_ISA_USAGE = YES_ERROR;
				CLANG_WARN_DOCUMENTATION_COMMENTS = YES;
				CLANG_WARN_EMPTY_BODY = YES;
				CLANG_WARN_ENUM_CONVERSION = YES;
				CLANG_WARN_INFINITE_RECURSION = YES;
				CLANG_WARN_INT_CONVERSION = YES;
				CLANG_WARN_NON_LITERAL_NULL_CONVERSION = YES;
				CLANG_WARN_OBJC_IMPLICIT_RETAIN_SELF = YES;
				CLANG_WARN_OBJC_LITERAL_CONVERSION = YES;
				CLANG_WARN_OBJC_ROOT_CLASS = YES_ERROR;
				CLANG_WARN_QUOTED_INCLUDE_IN_FRAMEWORK_HEADER = YES;
				CLANG_WARN_RANGE_LOOP_ANALYSIS = YES;
				CLANG_WARN_STRICT_PROTOTYPES = YES;
				CLANG_WARN_SUSPICIOUS_MOVE = YES;
				CLANG_WARN_UNGUARDED_AVAILABILITY = YES_AGGRESSIVE;
				CLANG_WARN_UNREACHABLE_CODE = YES;
				CLANG_WARN__DUPLICATE_METHOD_MATCH = YES;
				COPY_PHASE_STRIP = NO;
				DEBUG_INFORMATION_FORMAT = dwarf;
				ENABLE_STRICT_OBJC_MSGSEND = YES;
				ENABLE_TESTABILITY = YES;
				GCC_C_LANGUAGE_STANDARD = gnu11;
				GCC_DYNAMIC_NO_PIC = NO;
				GCC_NO_COMMON_BLOCKS = YES;
				GCC_OPTIMIZATION_LEVEL = 0;
				GCC_PREPROCESSOR_DEFINITIONS = (
					"DEBUG=1",
					"$(inherited)",
				);
				GCC_WARN_64_TO_32_BIT_CONVERSION = YES;
				GCC_WARN_ABOUT_RETURN_TYPE = YES_ERROR;
				GCC_WARN_UNDECLARED_SELECTOR = YES;
				GCC_WARN_UNINITIALIZED_AUTOS = YES_AGGRESSIVE;
				GCC_WARN_UNUSED_FUNCTION = YES;
				GCC_WARN_UNUSED_VARIABLE = YES;
				IPHONEOS_DEPLOYMENT_TARGET = 16.4;
				MTL_ENABLE_DEBUG_INFO = INCLUDE_SOURCE;
				MTL_FAST_MATH = YES;
				ONLY_ACTIVE_ARCH = YES;
				SDKROOT = iphoneos;
				SWIFT_ACTIVE_COMPILATION_CONDITIONS = DEBUG;
				SWIFT_OPTIMIZATION_LEVEL = "-Onone";
			};
			name = Debug;
		};
		91A2B0822AC1A6BC00268B23 /* Release */ = {
			isa = XCBuildConfiguration;
			buildSettings = {
				ALWAYS_SEARCH_USER_PATHS = NO;
				CLANG_ANALYZER_NONNULL = YES;
				CLANG_ANALYZER_NUMBER_OBJECT_CONVERSION = YES_AGGRESSIVE;
				CLANG_CXX_LANGUAGE_STANDARD = "gnu++20";
				CLANG_ENABLE_MODULES = YES;
				CLANG_ENABLE_OBJC_ARC = YES;
				CLANG_ENABLE_OBJC_WEAK = YES;
				CLANG_WARN_BLOCK_CAPTURE_AUTORELEASING = YES;
				CLANG_WARN_BOOL_CONVERSION = YES;
				CLANG_WARN_COMMA = YES;
				CLANG_WARN_CONSTANT_CONVERSION = YES;
				CLANG_WARN_DEPRECATED_OBJC_IMPLEMENTATIONS = YES;
				CLANG_WARN_DIRECT_OBJC_ISA_USAGE = YES_ERROR;
				CLANG_WARN_DOCUMENTATION_COMMENTS = YES;
				CLANG_WARN_EMPTY_BODY = YES;
				CLANG_WARN_ENUM_CONVERSION = YES;
				CLANG_WARN_INFINITE_RECURSION = YES;
				CLANG_WARN_INT_CONVERSION = YES;
				CLANG_WARN_NON_LITERAL_NULL_CONVERSION = YES;
				CLANG_WARN_OBJC_IMPLICIT_RETAIN_SELF = YES;
				CLANG_WARN_OBJC_LITERAL_CONVERSION = YES;
				CLANG_WARN_OBJC_ROOT_CLASS = YES_ERROR;
				CLANG_WARN_QUOTED_INCLUDE_IN_FRAMEWORK_HEADER = YES;
				CLANG_WARN_RANGE_LOOP_ANALYSIS = YES;
				CLANG_WARN_STRICT_PROTOTYPES = YES;
				CLANG_WARN_SUSPICIOUS_MOVE = YES;
				CLANG_WARN_UNGUARDED_AVAILABILITY = YES_AGGRESSIVE;
				CLANG_WARN_UNREACHABLE_CODE = YES;
				CLANG_WARN__DUPLICATE_METHOD_MATCH = YES;
				COPY_PHASE_STRIP = NO;
				DEBUG_INFORMATION_FORMAT = "dwarf-with-dsym";
				ENABLE_NS_ASSERTIONS = NO;
				ENABLE_STRICT_OBJC_MSGSEND = YES;
				GCC_C_LANGUAGE_STANDARD = gnu11;
				GCC_NO_COMMON_BLOCKS = YES;
				GCC_WARN_64_TO_32_BIT_CONVERSION = YES;
				GCC_WARN_ABOUT_RETURN_TYPE = YES_ERROR;
				GCC_WARN_UNDECLARED_SELECTOR = YES;
				GCC_WARN_UNINITIALIZED_AUTOS = YES_AGGRESSIVE;
				GCC_WARN_UNUSED_FUNCTION = YES;
				GCC_WARN_UNUSED_VARIABLE = YES;
				IPHONEOS_DEPLOYMENT_TARGET = 16.4;
				MTL_ENABLE_DEBUG_INFO = NO;
				MTL_FAST_MATH = YES;
				SDKROOT = iphoneos;
				SWIFT_COMPILATION_MODE = wholemodule;
				SWIFT_OPTIMIZATION_LEVEL = "-O";
				VALIDATE_PRODUCT = YES;
			};
			name = Release;
		};
		91A2B0842AC1A6BC00268B23 /* Debug */ = {
			isa = XCBuildConfiguration;
			baseConfigurationReference = 4F5CC94F321DC8AD59759488 /* Pods-75Hrd Trainer.debug.xcconfig */;
			buildSettings = {
				ASSETCATALOG_COMPILER_APPICON_NAME = AppIcon;
				ASSETCATALOG_COMPILER_GLOBAL_ACCENT_COLOR_NAME = AccentColor;
				CODE_SIGN_STYLE = Automatic;
				CURRENT_PROJECT_VERSION = 1;
				DEVELOPMENT_ASSET_PATHS = "\"75Hrd Trainer/Preview Content\"";
				ENABLE_PREVIEWS = YES;
				GENERATE_INFOPLIST_FILE = YES;
				INFOPLIST_FILE = "-5Hrd-Trainer-Info.plist";
				INFOPLIST_KEY_UIApplicationSceneManifest_Generation = YES;
				INFOPLIST_KEY_UIApplicationSupportsIndirectInputEvents = YES;
				INFOPLIST_KEY_UISupportedInterfaceOrientations_iPad = "UIInterfaceOrientationPortrait UIInterfaceOrientationPortraitUpsideDown UIInterfaceOrientationLandscapeLeft UIInterfaceOrientationLandscapeRight";
				INFOPLIST_KEY_UISupportedInterfaceOrientations_iPhone = "UIInterfaceOrientationPortrait UIInterfaceOrientationLandscapeLeft UIInterfaceOrientationLandscapeRight";
				LD_RUNPATH_SEARCH_PATHS = (
					"$(inherited)",
					"@executable_path/Frameworks",
				);
				MARKETING_VERSION = 1.0;
				PRODUCT_BUNDLE_IDENTIFIER = "org.tanishq.-5Hrd-Trainer";
				PRODUCT_NAME = "$(TARGET_NAME)";
				SWIFT_EMIT_LOC_STRINGS = YES;
				SWIFT_VERSION = 5.0;
				TARGETED_DEVICE_FAMILY = "1,2";
			};
			name = Debug;
		};
		91A2B0852AC1A6BC00268B23 /* Release */ = {
			isa = XCBuildConfiguration;
			baseConfigurationReference = 0668DA7EB57CD3D1A73202B5 /* Pods-75Hrd Trainer.release.xcconfig */;
			buildSettings = {
				ASSETCATALOG_COMPILER_APPICON_NAME = AppIcon;
				ASSETCATALOG_COMPILER_GLOBAL_ACCENT_COLOR_NAME = AccentColor;
				CODE_SIGN_STYLE = Automatic;
				CURRENT_PROJECT_VERSION = 1;
				DEVELOPMENT_ASSET_PATHS = "\"75Hrd Trainer/Preview Content\"";
				ENABLE_PREVIEWS = YES;
				GENERATE_INFOPLIST_FILE = YES;
				INFOPLIST_FILE = "-5Hrd-Trainer-Info.plist";
				INFOPLIST_KEY_UIApplicationSceneManifest_Generation = YES;
				INFOPLIST_KEY_UIApplicationSupportsIndirectInputEvents = YES;
				INFOPLIST_KEY_UISupportedInterfaceOrientations_iPad = "UIInterfaceOrientationPortrait UIInterfaceOrientationPortraitUpsideDown UIInterfaceOrientationLandscapeLeft UIInterfaceOrientationLandscapeRight";
				INFOPLIST_KEY_UISupportedInterfaceOrientations_iPhone = "UIInterfaceOrientationPortrait UIInterfaceOrientationLandscapeLeft UIInterfaceOrientationLandscapeRight";
				LD_RUNPATH_SEARCH_PATHS = (
					"$(inherited)",
					"@executable_path/Frameworks",
				);
				MARKETING_VERSION = 1.0;
				PRODUCT_BUNDLE_IDENTIFIER = "org.tanishq.-5Hrd-Trainer";
				PRODUCT_NAME = "$(TARGET_NAME)";
				SWIFT_EMIT_LOC_STRINGS = YES;
				SWIFT_VERSION = 5.0;
				TARGETED_DEVICE_FAMILY = "1,2";
			};
			name = Release;
		};
/* End XCBuildConfiguration section */

/* Begin XCConfigurationList section */
		91A2B0702AC1A6BA00268B23 /* Build configuration list for PBXProject "75Hrd Trainer" */ = {
			isa = XCConfigurationList;
			buildConfigurations = (
				91A2B0812AC1A6BC00268B23 /* Debug */,
				91A2B0822AC1A6BC00268B23 /* Release */,
			);
			defaultConfigurationIsVisible = 0;
			defaultConfigurationName = Release;
		};
		91A2B0832AC1A6BC00268B23 /* Build configuration list for PBXNativeTarget "75Hrd Trainer" */ = {
			isa = XCConfigurationList;
			buildConfigurations = (
				91A2B0842AC1A6BC00268B23 /* Debug */,
				91A2B0852AC1A6BC00268B23 /* Release */,
			);
			defaultConfigurationIsVisible = 0;
			defaultConfigurationName = Release;
		};
/* End XCConfigurationList section */
	};
	rootObject = 91A2B06D2AC1A6BA00268B23 /* Project object */;
}
